
Microsoft Visual Studio Solution File, Format Version 12.00
# Visual Studio Version 16
VisualStudioVersion = 16.0.31112.23
MinimumVisualStudioVersion = 10.0.40219.1
Project("{FAE04EC0-301F-11D3-BF4B-00C04F79EFBC}") = "OrderManaRe", "OrderManaRe\OrderManaRe.csproj", "{13458074-62AF-4A74-B55B-5DA8616B6CF1}"
EndProject
Global
	GlobalSection(SolutionConfigurationPlatforms) = preSolution
		Debug|Any CPU = Debug|Any CPU
		Release|Any CPU = Release|Any CPU
	EndGlobalSection
	GlobalSection(ProjectConfigurationPlatforms) = postSolution
		{13458074-62AF-4A74-B55B-5DA8616B6CF1}.Debug|Any CPU.ActiveCfg = Debug|Any CPU
		{13458074-62AF-4A74-B55B-5DA8616B6CF1}.Debug|Any CPU.Build.0 = Debug|Any CPU
		{13458074-62AF-4A74-B55B-5DA8616B6CF1}.Release|Any CPU.ActiveCfg = Release|Any CPU
		{13458074-62AF-4A74-B55B-5DA8616B6CF1}.Release|Any CPU.Build.0 = Release|Any CPU
	EndGlobalSection
	GlobalSection(SolutionProperties) = preSolution
		HideSolutionNode = FALSE
	EndGlobalSection
	GlobalSection(ExtensibilityGlobals) = postSolution
		SolutionGuid = {112522A7-C202-4632-A95C-F5CF8AAC9B40}
	EndGlobalSection
EndGlobal
